
Microsoft Visual Studio Solution File, Format Version 12.00
# Visual Studio 15
VisualStudioVersion = 15.0.28307.705
MinimumVisualStudioVersion = 10.0.40219.1
Project("{FAE04EC0-301F-11D3-BF4B-00C04F79EFBC}") = "WebApplicationWebAPI", "WebApplicationWebAPI\WebApplicationWebAPI.csproj", "{C2433D43-E2D7-43E7-A088-17293D934896}"
EndProject
Project("{FAE04EC0-301F-11D3-BF4B-00C04F79EFBC}") = "ClassLibraryEF", "ClassLibraryEF\ClassLibraryEF.csproj", "{73C67AF4-896E-4705-AD3D-339F463685DA}"
EndProject
Project("{00D1A9C2-B5F0-4AF3-8072-F6C62B433612}") = "StudentDb", "StudentDb\StudentDb.sqlproj", "{B846E397-CAE2-4995-BE39-23DC0D904A26}"
EndProject
Project("{2150E333-8FDC-42A3-9474-1A3956D46DE8}") = "Infrastructure", "Infrastructure", "{A7EF4819-682D-4B5A-B141-1C12D5D3077C}"
EndProject
Project("{2150E333-8FDC-42A3-9474-1A3956D46DE8}") = "Database", "Database", "{2375C217-3887-4E8D-B857-E7F8B3716D26}"
EndProject
Project("{2150E333-8FDC-42A3-9474-1A3956D46DE8}") = "WebAPI", "WebAPI", "{00584427-DAD3-4915-A11D-076D1729AEBD}"
EndProject
Global
	GlobalSection(SolutionConfigurationPlatforms) = preSolution
		Debug|Any CPU = Debug|Any CPU
		Release|Any CPU = Release|Any CPU
	EndGlobalSection
	GlobalSection(ProjectConfigurationPlatforms) = postSolution
		{C2433D43-E2D7-43E7-A088-17293D934896}.Debug|Any CPU.ActiveCfg = Debug|Any CPU
		{C2433D43-E2D7-43E7-A088-17293D934896}.Debug|Any CPU.Build.0 = Debug|Any CPU
		{C2433D43-E2D7-43E7-A088-17293D934896}.Release|Any CPU.ActiveCfg = Release|Any CPU
		{C2433D43-E2D7-43E7-A088-17293D934896}.Release|Any CPU.Build.0 = Release|Any CPU
		{73C67AF4-896E-4705-AD3D-339F463685DA}.Debug|Any CPU.ActiveCfg = Debug|Any CPU
		{73C67AF4-896E-4705-AD3D-339F463685DA}.Debug|Any CPU.Build.0 = Debug|Any CPU
		{73C67AF4-896E-4705-AD3D-339F463685DA}.Release|Any CPU.ActiveCfg = Release|Any CPU
		{73C67AF4-896E-4705-AD3D-339F463685DA}.Release|Any CPU.Build.0 = Release|Any CPU
		{B846E397-CAE2-4995-BE39-23DC0D904A26}.Debug|Any CPU.ActiveCfg = Debug|Any CPU
		{B846E397-CAE2-4995-BE39-23DC0D904A26}.Debug|Any CPU.Build.0 = Debug|Any CPU
		{B846E397-CAE2-4995-BE39-23DC0D904A26}.Debug|Any CPU.Deploy.0 = Debug|Any CPU
		{B846E397-CAE2-4995-BE39-23DC0D904A26}.Release|Any CPU.ActiveCfg = Release|Any CPU
		{B846E397-CAE2-4995-BE39-23DC0D904A26}.Release|Any CPU.Build.0 = Release|Any CPU
		{B846E397-CAE2-4995-BE39-23DC0D904A26}.Release|Any CPU.Deploy.0 = Release|Any CPU
	EndGlobalSection
	GlobalSection(SolutionProperties) = preSolution
		HideSolutionNode = FALSE
	EndGlobalSection
	GlobalSection(NestedProjects) = preSolution
		{C2433D43-E2D7-43E7-A088-17293D934896} = {00584427-DAD3-4915-A11D-076D1729AEBD}
		{73C67AF4-896E-4705-AD3D-339F463685DA} = {A7EF4819-682D-4B5A-B141-1C12D5D3077C}
		{B846E397-CAE2-4995-BE39-23DC0D904A26} = {2375C217-3887-4E8D-B857-E7F8B3716D26}
	EndGlobalSection
	GlobalSection(ExtensibilityGlobals) = postSolution
		SolutionGuid = {E639F8CB-DE9B-4EB8-BB7A-71A57F1E580F}
	EndGlobalSection
EndGlobal
